// !$*UTF8*$!
{
	archiveVersion = 1;
	classes = {
	};
	objectVersion = 77;
	objects = {

/* Begin PBXBuildFile section */
		448690D52D85C5630060442E /* ToDoItems+CoreDataProperties.swift in Sources */ = {isa = PBXBuildFile; fileRef = 448690D42D85C5630060442E /* ToDoItems+CoreDataProperties.swift */; };
		448690D62D85C5630060442E /* ToDoItems+CoreDataClass.swift in Sources */ = {isa = PBXBuildFile; fileRef = 448690D32D85C5630060442E /* ToDoItems+CoreDataClass.swift */; };
/* End PBXBuildFile section */

/* Begin PBXContainerItemProxy section */
		448690942D856EA60060442E /* PBXContainerItemProxy */ = {
			isa = PBXContainerItemProxy;
			containerPortal = 448690752D856EA60060442E /* Project object */;
			proxyType = 1;
			remoteGlobalIDString = 4486907C2D856EA60060442E;
			remoteInfo = MyCoreDataTwo;
		};
		4486909E2D856EA60060442E /* PBXContainerItemProxy */ = {
			isa = PBXContainerItemProxy;
			containerPortal = 448690752D856EA60060442E /* Project object */;
			proxyType = 1;
			remoteGlobalIDString = 4486907C2D856EA60060442E;
			remoteInfo = MyCoreDataTwo;
		};
/* End PBXContainerItemProxy section */

/* Begin PBXFileReference section */
		4486907D2D856EA60060442E /* MyCoreDataTwo.app */ = {isa = PBXFileReference; explicitFileType = wrapper.application; includeInIndex = 0; path = MyCoreDataTwo.app; sourceTree = BUILT_PRODUCTS_DIR; };
		448690932D856EA60060442E /* MyCoreDataTwoTests.xctest */ = {isa = PBXFileReference; explicitFileType = wrapper.cfbundle; includeInIndex = 0; path = MyCoreDataTwoTests.xctest; sourceTree = BUILT_PRODUCTS_DIR; };
		4486909D2D856EA60060442E /* MyCoreDataTwoUITests.xctest */ = {isa = PBXFileReference; explicitFileType = wrapper.cfbundle; includeInIndex = 0; path = MyCoreDataTwoUITests.xctest; sourceTree = BUILT_PRODUCTS_DIR; };
		448690D32D85C5630060442E /* ToDoItems+CoreDataClass.swift */ = {isa = PBXFileReference; lastKnownFileType = sourcecode.swift; path = "ToDoItems+CoreDataClass.swift"; sourceTree = "<group>"; };
		448690D42D85C5630060442E /* ToDoItems+CoreDataProperties.swift */ = {isa = PBXFileReference; lastKnownFileType = sourcecode.swift; path = "ToDoItems+CoreDataProperties.swift"; sourceTree = "<group>"; };
/* End PBXFileReference section */

/* Begin PBXFileSystemSynchronizedBuildFileExceptionSet section */
		448690A52D856EA60060442E /* Exceptions for "MyCoreDataTwo" folder in "MyCoreDataTwo" target */ = {
			isa = PBXFileSystemSynchronizedBuildFileExceptionSet;
			membershipExceptions = (
				Info.plist,
			);
			target = 4486907C2D856EA60060442E /* MyCoreDataTwo */;
		};
/* End PBXFileSystemSynchronizedBuildFileExceptionSet section */

/* Begin PBXFileSystemSynchronizedRootGroup section */
		4486907F2D856EA60060442E /* MyCoreDataTwo */ = {
			isa = PBXFileSystemSynchronizedRootGroup;
			exceptions = (
				448690A52D856EA60060442E /* Exceptions for "MyCoreDataTwo" folder in "MyCoreDataTwo" target */,
			);
			path = MyCoreDataTwo;
			sourceTree = "<group>";
		};
		448690962D856EA60060442E /* MyCoreDataTwoTests */ = {
			isa = PBXFileSystemSynchronizedRootGroup;
			path = MyCoreDataTwoTests;
			sourceTree = "<group>";
		};
		448690A02D856EA60060442E /* MyCoreDataTwoUITests */ = {
			isa = PBXFileSystemSynchronizedRootGroup;
			path = MyCoreDataTwoUITests;
			sourceTree = "<group>";
		};
/* End PBXFileSystemSynchronizedRootGroup section */

/* Begin PBXFrameworksBuildPhase section */
		4486907A2D856EA60060442E /* Frameworks */ = {
			isa = PBXFrameworksBuildPhase;
			buildActionMask = 2147483647;
			files = (
			);
			runOnlyForDeploymentPostprocessing = 0;
		};
		448690902D856EA60060442E /* Frameworks */ = {
			isa = PBXFrameworksBuildPhase;
			buildActionMask = 2147483647;
			files = (
			);
			runOnlyForDeploymentPostprocessing = 0;
		};
		4486909A2D856EA60060442E /* Frameworks */ = {
			isa = PBXFrameworksBuildPhase;
			buildActionMask = 2147483647;
			files = (
			);
			runOnlyForDeploymentPostprocessing = 0;
		};
/* End PBXFrameworksBuildPhase section */

/* Begin PBXGroup section */
		448690742D856EA60060442E = {
			isa = PBXGroup;
			children = (
				448690D32D85C5630060442E /* ToDoItems+CoreDataClass.swift */,
				448690D42D85C5630060442E /* ToDoItems+CoreDataProperties.swift */,
				4486907F2D856EA60060442E /* MyCoreDataTwo */,
				448690962D856EA60060442E /* MyCoreDataTwoTests */,
				448690A02D856EA60060442E /* MyCoreDataTwoUITests */,
				4486907E2D856EA60060442E /* Products */,
			);
			sourceTree = "<group>";
		};
		4486907E2D856EA60060442E /* Products */ = {
			isa = PBXGroup;
			children = (
				4486907D2D856EA60060442E /* MyCoreDataTwo.app */,
				448690932D856EA60060442E /* MyCoreDataTwoTests.xctest */,
				4486909D2D856EA60060442E /* MyCoreDataTwoUITests.xctest */,
			);
			name = Products;
			sourceTree = "<group>";
		};
/* End PBXGroup section */

/* Begin PBXNativeTarget section */
		4486907C2D856EA60060442E /* MyCoreDataTwo */ = {
			isa = PBXNativeTarget;
			buildConfigurationList = 448690A62D856EA60060442E /* Build configuration list for PBXNativeTarget "MyCoreDataTwo" */;
			buildPhases = (
				448690792D856EA60060442E /* Sources */,
				4486907A2D856EA60060442E /* Frameworks */,
				4486907B2D856EA60060442E /* Resources */,
			);
			buildRules = (
			);
			dependencies = (
			);
			fileSystemSynchronizedGroups = (
				4486907F2D856EA60060442E /* MyCoreDataTwo */,
			);
			name = MyCoreDataTwo;
			packageProductDependencies = (
			);
			productName = MyCoreDataTwo;
			productReference = 4486907D2D856EA60060442E /* MyCoreDataTwo.app */;
			productType = "com.apple.product-type.application";
		};
		448690922D856EA60060442E /* MyCoreDataTwoTests */ = {
			isa = PBXNativeTarget;
			buildConfigurationList = 448690AB2D856EA60060442E /* Build configuration list for PBXNativeTarget "MyCoreDataTwoTests" */;
			buildPhases = (
				4486908F2D856EA60060442E /* Sources */,
				448690902D856EA60060442E /* Frameworks */,
				448690912D856EA60060442E /* Resources */,
			);
			buildRules = (
			);
			dependencies = (
				448690952D856EA60060442E /* PBXTargetDependency */,
			);
			fileSystemSynchronizedGroups = (
				448690962D856EA60060442E /* MyCoreDataTwoTests */,
			);
			name = MyCoreDataTwoTests;
			packageProductDependencies = (
			);
			productName = MyCoreDataTwoTests;
			productReference = 448690932D856EA60060442E /* MyCoreDataTwoTests.xctest */;
			productType = "com.apple.product-type.bundle.unit-test";
		};
		4486909C2D856EA60060442E /* MyCoreDataTwoUITests */ = {
			isa = PBXNativeTarget;
			buildConfigurationList = 448690AE2D856EA60060442E /* Build configuration list for PBXNativeTarget "MyCoreDataTwoUITests" */;
			buildPhases = (
				448690992D856EA60060442E /* Sources */,
				4486909A2D856EA60060442E /* Frameworks */,
				4486909B2D856EA60060442E /* Resources */,
			);
			buildRules = (
			);
			dependencies = (
				4486909F2D856EA60060442E /* PBXTargetDependency */,
			);
			fileSystemSynchronizedGroups = (
				448690A02D856EA60060442E /* MyCoreDataTwoUITests */,
			);
			name = MyCoreDataTwoUITests;
			packageProductDependencies = (
			);
			productName = MyCoreDataTwoUITests;
			productReference = 4486909D2D856EA60060442E /* MyCoreDataTwoUITests.xctest */;
			productType = "com.apple.product-type.bundle.ui-testing";
		};
/* End PBXNativeTarget section */

/* Begin PBXProject section */
		448690752D856EA60060442E /* Project object */ = {
			isa = PBXProject;
			attributes = {
				BuildIndependentTargetsInParallel = 1;
				LastSwiftUpdateCheck = 1620;
				LastUpgradeCheck = 1620;
				TargetAttributes = {
					4486907C2D856EA60060442E = {
						CreatedOnToolsVersion = 16.2;
					};
					448690922D856EA60060442E = {
						CreatedOnToolsVersion = 16.2;
						TestTargetID = 4486907C2D856EA60060442E;
					};
					4486909C2D856EA60060442E = {
						CreatedOnToolsVersion = 16.2;
						TestTargetID = 4486907C2D856EA60060442E;
					};
				};
			};
			buildConfigurationList = 448690782D856EA60060442E /* Build configuration list for PBXProject "MyCoreDataTwo" */;
			developmentRegion = en;
			hasScannedForEncodings = 0;
			knownRegions = (
				en,
				Base,
			);
			mainGroup = 448690742D856EA60060442E;
			minimizedProjectReferenceProxies = 1;
			preferredProjectObjectVersion = 77;
			productRefGroup = 4486907E2D856EA60060442E /* Products */;
			projectDirPath = "";
			projectRoot = "";
			targets = (
				4486907C2D856EA60060442E /* MyCoreDataTwo */,
				448690922D856EA60060442E /* MyCoreDataTwoTests */,
				4486909C2D856EA60060442E /* MyCoreDataTwoUITests */,
			);
		};
/* End PBXProject section */

/* Begin PBXResourcesBuildPhase section */
		4486907B2D856EA60060442E /* Resources */ = {
			isa = PBXResourcesBuildPhase;
			buildActionMask = 2147483647;
			files = (
			);
			runOnlyForDeploymentPostprocessing = 0;
		};
		448690912D856EA60060442E /* Resources */ = {
			isa = PBXResourcesBuildPhase;
			buildActionMask = 2147483647;
			files = (
			);
			runOnlyForDeploymentPostprocessing = 0;
		};
		4486909B2D856EA60060442E /* Resources */ = {
			isa = PBXResourcesBuildPhase;
			buildActionMask = 2147483647;
			files = (
			);
			runOnlyForDeploymentPostprocessing = 0;
		};
/* End PBXResourcesBuildPhase section */

/* Begin PBXSourcesBuildPhase section */
		448690792D856EA60060442E /* Sources */ = {
			isa = PBXSourcesBuildPhase;
			buildActionMask = 2147483647;
			files = (
				448690D52D85C5630060442E /* ToDoItems+CoreDataProperties.swift in Sources */,
				448690D62D85C5630060442E /* ToDoItems+CoreDataClass.swift in Sources */,
			);
			runOnlyForDeploymentPostprocessing = 0;
		};
		4486908F2D856EA60060442E /* Sources */ = {
			isa = PBXSourcesBuildPhase;
			buildActionMask = 2147483647;
			files = (
			);
			runOnlyForDeploymentPostprocessing = 0;
		};
		448690992D856EA60060442E /* Sources */ = {
			isa = PBXSourcesBuildPhase;
			buildActionMask = 2147483647;
			files = (
			);
			runOnlyForDeploymentPostprocessing = 0;
		};
/* End PBXSourcesBuildPhase section */

/* Begin PBXTargetDependency section */
		448690952D856EA60060442E /* PBXTargetDependency */ = {
			isa = PBXTargetDependency;
			target = 4486907C2D856EA60060442E /* MyCoreDataTwo */;
			targetProxy = 448690942D856EA60060442E /* PBXContainerItemProxy */;
		};
		4486909F2D856EA60060442E /* PBXTargetDependency */ = {
			isa = PBXTargetDependency;
			target = 4486907C2D856EA60060442E /* MyCoreDataTwo */;
			targetProxy = 4486909E2D856EA60060442E /* PBXContainerItemProxy */;
		};
/* End PBXTargetDependency section */

/* Begin XCBuildConfiguration section */
		448690A72D856EA60060442E /* Debug */ = {
			isa = XCBuildConfiguration;
			buildSettings = {
				ASSETCATALOG_COMPILER_APPICON_NAME = AppIcon;
				ASSETCATALOG_COMPILER_GLOBAL_ACCENT_COLOR_NAME = AccentColor;
				CODE_SIGN_STYLE = Automatic;
				CURRENT_PROJECT_VERSION = 1;
				GENERATE_INFOPLIST_FILE = YES;
				INFOPLIST_FILE = MyCoreDataTwo/Info.plist;
				INFOPLIST_KEY_UIApplicationSupportsIndirectInputEvents = YES;
				INFOPLIST_KEY_UILaunchStoryboardName = LaunchScreen;
				INFOPLIST_KEY_UIMainStoryboardFile = Main;
				INFOPLIST_KEY_UISupportedInterfaceOrientations_iPad = "UIInterfaceOrientationPortrait UIInterfaceOrientationPortraitUpsideDown UIInterfaceOrientationLandscapeLeft UIInterfaceOrientationLandscapeRight";
				INFOPLIST_KEY_UISupportedInterfaceOrientations_iPhone = "UIInterfaceOrientationPortrait UIInterfaceOrientationLandscapeLeft UIInterfaceOrientationLandscapeRight";
				LD_RUNPATH_SEARCH_PATHS = (
					"$(inherited)",
					"@executable_path/Frameworks",
				);
				MARKETING_VERSION = 1.0;
				PRODUCT_BUNDLE_IDENTIFIER = com.gs.MyCoreDataTwo;
				PRODUCT_NAME = "$(TARGET_NAME)";
				SWIFT_EMIT_LOC_STRINGS = YES;
				SWIFT_VERSION = 5.0;
				TARGETED_DEVICE_FAMILY = "1,2";
			};
			name = Debug;
		};
		448690A82D856EA60060442E /* Release */ = {
			isa = XCBuildConfiguration;
			buildSettings = {
				ASSETCATALOG_COMPILER_APPICON_NAME = AppIcon;
				ASSETCATALOG_COMPILER_GLOBAL_ACCENT_COLOR_NAME = AccentColor;
				CODE_SIGN_STYLE = Automatic;
				CURRENT_PROJECT_VERSION = 1;
				GENERATE_INFOPLIST_FILE = YES;
				INFOPLIST_FILE = MyCoreDataTwo/Info.plist;
				INFOPLIST_KEY_UIApplicationSupportsIndirectInputEvents = YES;
				INFOPLIST_KEY_UILaunchStoryboardName = LaunchScreen;
				INFOPLIST_KEY_UIMainStoryboardFile = Main;
				INFOPLIST_KEY_UISupportedInterfaceOrientations_iPad = "UIInterfaceOrientationPortrait UIInterfaceOrientationPortraitUpsideDown UIInterfaceOrientationLandscapeLeft UIInterfaceOrientationLandscapeRight";
				INFOPLIST_KEY_UISupportedInterfaceOrientations_iPhone = "UIInterfaceOrientationPortrait UIInterfaceOrientationLandscapeLeft UIInterfaceOrientationLandscapeRight";
				LD_RUNPATH_SEARCH_PATHS = (
					"$(inherited)",
					"@executable_path/Frameworks",
				);
				MARKETING_VERSION = 1.0;
				PRODUCT_BUNDLE_IDENTIFIER = com.gs.MyCoreDataTwo;
				PRODUCT_NAME = "$(TARGET_NAME)";
				SWIFT_EMIT_LOC_STRINGS = YES;
				SWIFT_VERSION = 5.0;
				TARGETED_DEVICE_FAMILY = "1,2";
			};
			name = Release;
		};
		448690A92D856EA60060442E /* Debug */ = {
			isa = XCBuildConfiguration;
			buildSettings = {
				ALWAYS_SEARCH_USER_PATHS = NO;
				ASSETCATALOG_COMPILER_GENERATE_SWIFT_ASSET_SYMBOL_EXTENSIONS = YES;
				CLANG_ANALYZER_NONNULL = YES;
				CLANG_ANALYZER_NUMBER_OBJECT_CONVERSION = YES_AGGRESSIVE;
				CLANG_CXX_LANGUAGE_STANDARD = "gnu++20";
				CLANG_ENABLE_MODULES = YES;
				CLANG_ENABLE_OBJC_ARC = YES;
				CLANG_ENABLE_OBJC_WEAK = YES;
				CLANG_WARN_BLOCK_CAPTURE_AUTORELEASING = YES;
				CLANG_WARN_BOOL_CONVERSION = YES;
				CLANG_WARN_COMMA = YES;
				CLANG_WARN_CONSTANT_CONVERSION = YES;
				CLANG_WARN_DEPRECATED_OBJC_IMPLEMENTATIONS = YES;
				CLANG_WARN_DIRECT_OBJC_ISA_USAGE = YES_ERROR;
				CLANG_WARN_DOCUMENTATION_COMMENTS = YES;
				CLANG_WARN_EMPTY_BODY = YES;
				CLANG_WARN_ENUM_CONVERSION = YES;
				CLANG_WARN_INFINITE_RECURSION = YES;
				CLANG_WARN_INT_CONVERSION = YES;
				CLANG_WARN_NON_LITERAL_NULL_CONVERSION = YES;
				CLANG_WARN_OBJC_IMPLICIT_RETAIN_SELF = YES;
				CLANG_WARN_OBJC_LITERAL_CONVERSION = YES;
				CLANG_WARN_OBJC_ROOT_CLASS = YES_ERROR;
				CLANG_WARN_QUOTED_INCLUDE_IN_FRAMEWORK_HEADER = YES;
				CLANG_WARN_RANGE_LOOP_ANALYSIS = YES;
				CLANG_WARN_STRICT_PROTOTYPES = YES;
				CLANG_WARN_SUSPICIOUS_MOVE = YES;
				CLANG_WARN_UNGUARDED_AVAILABILITY = YES_AGGRESSIVE;
				CLANG_WARN_UNREACHABLE_CODE = YES;
				CLANG_WARN__DUPLICATE_METHOD_MATCH = YES;
				COPY_PHASE_STRIP = NO;
				DEBUG_INFORMATION_FORMAT = dwarf;
				ENABLE_STRICT_OBJC_MSGSEND = YES;
				ENABLE_TESTABILITY = YES;
				ENABLE_USER_SCRIPT_SANDBOXING = YES;
				GCC_C_LANGUAGE_STANDARD = gnu17;
				GCC_DYNAMIC_NO_PIC = NO;
				GCC_NO_COMMON_BLOCKS = YES;
				GCC_OPTIMIZATION_LEVEL = 0;
				GCC_PREPROCESSOR_DEFINITIONS = (
					"DEBUG=1",
					"$(inherited)",
				);
				GCC_WARN_64_TO_32_BIT_CONVERSION = YES;
				GCC_WARN_ABOUT_RETURN_TYPE = YES_ERROR;
				GCC_WARN_UNDECLARED_SELECTOR = YES;
				GCC_WARN_UNINITIALIZED_AUTOS = YES_AGGRESSIVE;
				GCC_WARN_UNUSED_FUNCTION = YES;
				GCC_WARN_UNUSED_VARIABLE = YES;
				IPHONEOS_DEPLOYMENT_TARGET = 18.2;
				LOCALIZATION_PREFERS_STRING_CATALOGS = YES;
				MTL_ENABLE_DEBUG_INFO = INCLUDE_SOURCE;
				MTL_FAST_MATH = YES;
				ONLY_ACTIVE_ARCH = YES;
				SDKROOT = iphoneos;
				SWIFT_ACTIVE_COMPILATION_CONDITIONS = "DEBUG $(inherited)";
				SWIFT_OPTIMIZATION_LEVEL = "-Onone";
			};
			name = Debug;
		};
		448690AA2D856EA60060442E /* Release */ = {
			isa = XCBuildConfiguration;
			buildSettings = {
				ALWAYS_SEARCH_USER_PATHS = NO;
				ASSETCATALOG_COMPILER_GENERATE_SWIFT_ASSET_SYMBOL_EXTENSIONS = YES;
				CLANG_ANALYZER_NONNULL = YES;
				CLANG_ANALYZER_NUMBER_OBJECT_CONVERSION = YES_AGGRESSIVE;
				CLANG_CXX_LANGUAGE_STANDARD = "gnu++20";
				CLANG_ENABLE_MODULES = YES;
				CLANG_ENABLE_OBJC_ARC = YES;
				CLANG_ENABLE_OBJC_WEAK = YES;
				CLANG_WARN_BLOCK_CAPTURE_AUTORELEASING = YES;
				CLANG_WARN_BOOL_CONVERSION = YES;
				CLANG_WARN_COMMA = YES;
				CLANG_WARN_CONSTANT_CONVERSION = YES;
				CLANG_WARN_DEPRECATED_OBJC_IMPLEMENTATIONS = YES;
				CLANG_WARN_DIRECT_OBJC_ISA_USAGE = YES_ERROR;
				CLANG_WARN_DOCUMENTATION_COMMENTS = YES;
				CLANG_WARN_EMPTY_BODY = YES;
				CLANG_WARN_ENUM_CONVERSION = YES;
				CLANG_WARN_INFINITE_RECURSION = YES;
				CLANG_WARN_INT_CONVERSION = YES;
				CLANG_WARN_NON_LITERAL_NULL_CONVERSION = YES;
				CLANG_WARN_OBJC_IMPLICIT_RETAIN_SELF = YES;
				CLANG_WARN_OBJC_LITERAL_CONVERSION = YES;
				CLANG_WARN_OBJC_ROOT_CLASS = YES_ERROR;
				CLANG_WARN_QUOTED_INCLUDE_IN_FRAMEWORK_HEADER = YES;
				CLANG_WARN_RANGE_LOOP_ANALYSIS = YES;
				CLANG_WARN_STRICT_PROTOTYPES = YES;
				CLANG_WARN_SUSPICIOUS_MOVE = YES;
				CLANG_WARN_UNGUARDED_AVAILABILITY = YES_AGGRESSIVE;
				CLANG_WARN_UNREACHABLE_CODE = YES;
				CLANG_WARN__DUPLICATE_METHOD_MATCH = YES;
				COPY_PHASE_STRIP = NO;
				DEBUG_INFORMATION_FORMAT = "dwarf-with-dsym";
				ENABLE_NS_ASSERTIONS = NO;
				ENABLE_STRICT_OBJC_MSGSEND = YES;
				ENABLE_USER_SCRIPT_SANDBOXING = YES;
				GCC_C_LANGUAGE_STANDARD = gnu17;
				GCC_NO_COMMON_BLOCKS = YES;
				GCC_WARN_64_TO_32_BIT_CONVERSION = YES;
				GCC_WARN_ABOUT_RETURN_TYPE = YES_ERROR;
				GCC_WARN_UNDECLARED_SELECTOR = YES;
				GCC_WARN_UNINITIALIZED_AUTOS = YES_AGGRESSIVE;
				GCC_WARN_UNUSED_FUNCTION = YES;
				GCC_WARN_UNUSED_VARIABLE = YES;
				IPHONEOS_DEPLOYMENT_TARGET = 18.2;
				LOCALIZATION_PREFERS_STRING_CATALOGS = YES;
				MTL_ENABLE_DEBUG_INFO = NO;
				MTL_FAST_MATH = YES;
				SDKROOT = iphoneos;
				SWIFT_COMPILATION_MODE = wholemodule;
				VALIDATE_PRODUCT = YES;
			};
			name = Release;
		};
		448690AC2D856EA60060442E /* Debug */ = {
			isa = XCBuildConfiguration;
			buildSettings = {
				BUNDLE_LOADER = "$(TEST_HOST)";
				CODE_SIGN_STYLE = Automatic;
				CURRENT_PROJECT_VERSION = 1;
				GENERATE_INFOPLIST_FILE = YES;
				IPHONEOS_DEPLOYMENT_TARGET = 18.2;
				MARKETING_VERSION = 1.0;
				PRODUCT_BUNDLE_IDENTIFIER = com.gs.MyCoreDataTwoTests;
				PRODUCT_NAME = "$(TARGET_NAME)";
				SWIFT_EMIT_LOC_STRINGS = NO;
				SWIFT_VERSION = 5.0;
				TARGETED_DEVICE_FAMILY = "1,2";
				TEST_HOST = "$(BUILT_PRODUCTS_DIR)/MyCoreDataTwo.app/$(BUNDLE_EXECUTABLE_FOLDER_PATH)/MyCoreDataTwo";
			};
			name = Debug;
		};
		448690AD2D856EA60060442E /* Release */ = {
			isa = XCBuildConfiguration;
			buildSettings = {
				BUNDLE_LOADER = "$(TEST_HOST)";
				CODE_SIGN_STYLE = Automatic;
				CURRENT_PROJECT_VERSION = 1;
				GENERATE_INFOPLIST_FILE = YES;
				IPHONEOS_DEPLOYMENT_TARGET = 18.2;
				MARKETING_VERSION = 1.0;
				PRODUCT_BUNDLE_IDENTIFIER = com.gs.MyCoreDataTwoTests;
				PRODUCT_NAME = "$(TARGET_NAME)";
				SWIFT_EMIT_LOC_STRINGS = NO;
				SWIFT_VERSION = 5.0;
				TARGETED_DEVICE_FAMILY = "1,2";
				TEST_HOST = "$(BUILT_PRODUCTS_DIR)/MyCoreDataTwo.app/$(BUNDLE_EXECUTABLE_FOLDER_PATH)/MyCoreDataTwo";
			};
			name = Release;
		};
		448690AF2D856EA60060442E /* Debug */ = {
			isa = XCBuildConfiguration;
			buildSettings = {
				CODE_SIGN_STYLE = Automatic;
				CURRENT_PROJECT_VERSION = 1;
				GENERATE_INFOPLIST_FILE = YES;
				MARKETING_VERSION = 1.0;
				PRODUCT_BUNDLE_IDENTIFIER = com.gs.MyCoreDataTwoUITests;
				PRODUCT_NAME = "$(TARGET_NAME)";
				SWIFT_EMIT_LOC_STRINGS = NO;
				SWIFT_VERSION = 5.0;
				TARGETED_DEVICE_FAMILY = "1,2";
				TEST_TARGET_NAME = MyCoreDataTwo;
			};
			name = Debug;
		};
		448690B02D856EA60060442E /* Release */ = {
			isa = XCBuildConfiguration;
			buildSettings = {
				CODE_SIGN_STYLE = Automatic;
				CURRENT_PROJECT_VERSION = 1;
				GENERATE_INFOPLIST_FILE = YES;
				MARKETING_VERSION = 1.0;
				PRODUCT_BUNDLE_IDENTIFIER = com.gs.MyCoreDataTwoUITests;
				PRODUCT_NAME = "$(TARGET_NAME)";
				SWIFT_EMIT_LOC_STRINGS = NO;
				SWIFT_VERSION = 5.0;
				TARGETED_DEVICE_FAMILY = "1,2";
				TEST_TARGET_NAME = MyCoreDataTwo;
			};
			name = Release;
		};
/* End XCBuildConfiguration section */

/* Begin XCConfigurationList section */
		448690782D856EA60060442E /* Build configuration list for PBXProject "MyCoreDataTwo" */ = {
			isa = XCConfigurationList;
			buildConfigurations = (
				448690A92D856EA60060442E /* Debug */,
				448690AA2D856EA60060442E /* Release */,
			);
			defaultConfigurationIsVisible = 0;
			defaultConfigurationName = Release;
		};
		448690A62D856EA60060442E /* Build configuration list for PBXNativeTarget "MyCoreDataTwo" */ = {
			isa = XCConfigurationList;
			buildConfigurations = (
				448690A72D856EA60060442E /* Debug */,
				448690A82D856EA60060442E /* Release */,
			);
			defaultConfigurationIsVisible = 0;
			defaultConfigurationName = Release;
		};
		448690AB2D856EA60060442E /* Build configuration list for PBXNativeTarget "MyCoreDataTwoTests" */ = {
			isa = XCConfigurationList;
			buildConfigurations = (
				448690AC2D856EA60060442E /* Debug */,
				448690AD2D856EA60060442E /* Release */,
			);
			defaultConfigurationIsVisible = 0;
			defaultConfigurationName = Release;
		};
		448690AE2D856EA60060442E /* Build configuration list for PBXNativeTarget "MyCoreDataTwoUITests" */ = {
			isa = XCConfigurationList;
			buildConfigurations = (
				448690AF2D856EA60060442E /* Debug */,
				448690B02D856EA60060442E /* Release */,
			);
			defaultConfigurationIsVisible = 0;
			defaultConfigurationName = Release;
		};
/* End XCConfigurationList section */
	};
	rootObject = 448690752D856EA60060442E /* Project object */;
}
